
Microsoft Visual Studio Solution File, Format Version 12.00
# Visual Studio 14
VisualStudioVersion = 14.0.25420.1
MinimumVisualStudioVersion = 10.0.40219.1
Project("{FAE04EC0-301F-11D3-BF4B-00C04F79EFBC}") = "MWS_Demo", "MWS_Demo\MWS_Demo.csproj", "{716E69AB-14FF-4463-8A11-E8EE6AF8DBFF}"
EndProject
Global
	GlobalSection(SolutionConfigurationPlatforms) = preSolution
		Debug|Any CPU = Debug|Any CPU
		Release|Any CPU = Release|Any CPU
	EndGlobalSection
	GlobalSection(ProjectConfigurationPlatforms) = postSolution
		{716E69AB-14FF-4463-8A11-E8EE6AF8DBFF}.Debug|Any CPU.ActiveCfg = Debug|Any CPU
		{716E69AB-14FF-4463-8A11-E8EE6AF8DBFF}.Debug|Any CPU.Build.0 = Debug|Any CPU
		{716E69AB-14FF-4463-8A11-E8EE6AF8DBFF}.Release|Any CPU.ActiveCfg = Release|Any CPU
		{716E69AB-14FF-4463-8A11-E8EE6AF8DBFF}.Release|Any CPU.Build.0 = Release|Any CPU
	EndGlobalSection
	GlobalSection(SolutionProperties) = preSolution
		HideSolutionNode = FALSE
	EndGlobalSection
EndGlobal
